
Microsoft Visual Studio Solution File, Format Version 12.00
# Visual Studio Version 17
VisualStudioVersion = 17.6.33723.286
MinimumVisualStudioVersion = 10.0.40219.1
Project("{FAE04EC0-301F-11D3-BF4B-00C04F79EFBC}") = "Project_5.1", "Project_5.1.csproj", "{904693E2-F3DA-46D4-BA46-8DAF2D02B075}"
EndProject
Project("{FAE04EC0-301F-11D3-BF4B-00C04F79EFBC}") = "Project_5.2", "..\Project_5.2\Project_5.2.csproj", "{B116CE44-40DF-48B1-B15A-922A91A8AB4B}"
EndProject
Project("{9A19103F-16F7-4668-BE54-9A1E7A4F7556}") = "Project_6", "..\Project_6\Project_6.csproj", "{0CF21DE9-4BC9-4B98-8F20-63DD9307D7F6}"
EndProject
Project("{9A19103F-16F7-4668-BE54-9A1E7A4F7556}") = "Project_7", "..\Project_7\Project_7.csproj", "{FBECA915-9473-4FBF-95EE-594AF19C9ACA}"
EndProject
Project("{9A19103F-16F7-4668-BE54-9A1E7A4F7556}") = "Project_8.1", "..\Project_8.1\Project_8.1.csproj", "{1E0CE63B-4747-493E-995A-24780B788A17}"
EndProject
Project("{9A19103F-16F7-4668-BE54-9A1E7A4F7556}") = "Project_8.2", "..\Project_8.2\Project_8.2.csproj", "{76B41A04-8C75-418B-8BCD-A126F50A34F0}"
EndProject
Project("{9A19103F-16F7-4668-BE54-9A1E7A4F7556}") = "Project_8.3", "..\Project_8.3\Project_8.3.csproj", "{839EF860-4684-4465-B376-E62E13308E6A}"
EndProject
Project("{9A19103F-16F7-4668-BE54-9A1E7A4F7556}") = "Project_8.4", "..\Project_8.4\Project_8.4.csproj", "{A2B3677B-59F5-4A8A-B614-DEB03497E36A}"
EndProject
Project("{FAE04EC0-301F-11D3-BF4B-00C04F79EFBC}") = "Project_9", "..\Project_9\Project_9.csproj", "{6FE3BD95-F46A-4377-819C-5A34DD479085}"
EndProject
Project("{9A19103F-16F7-4668-BE54-9A1E7A4F7556}") = "Project_10", "..\Project_10\Project_10.csproj", "{946C6958-F89E-4161-965C-EF9F9BDDD0B8}"
EndProject
Project("{9A19103F-16F7-4668-BE54-9A1E7A4F7556}") = "Project_11", "..\Project_11\Project_11.csproj", "{B94D4710-0011-4FA8-8C71-EBAA44904A57}"
EndProject
Project("{9A19103F-16F7-4668-BE54-9A1E7A4F7556}") = "Project_12", "..\Project_12\Project_12.csproj", "{EAC05EF2-1EE7-4571-AB3B-D092D395A368}"
EndProject
Project("{9A19103F-16F7-4668-BE54-9A1E7A4F7556}") = "Project_13", "..\Project_13\Project_13.csproj", "{AD4C7ACA-FDA9-421C-8582-E7EFD38F80DA}"
EndProject
Project("{9A19103F-16F7-4668-BE54-9A1E7A4F7556}") = "Project_14", "..\Project_14\Project_14.csproj", "{357694A4-AD39-495C-9676-BD53496B74ED}"
EndProject
Project("{FAE04EC0-301F-11D3-BF4B-00C04F79EFBC}") = "Project_14_ClassLibrary", "..\Project_14_ClassLibrary\Project_14_ClassLibrary.csproj", "{0785AD66-0D00-4598-B319-B34FAEAB8228}"
EndProject
Project("{FAE04EC0-301F-11D3-BF4B-00C04F79EFBC}") = "Project_15", "..\Project_15\Project_15.csproj", "{3A8599D2-98DF-4B0B-9121-13F3584958B7}"
EndProject
Project("{FAE04EC0-301F-11D3-BF4B-00C04F79EFBC}") = "Project_16", "..\Project_16\Project_16.csproj", "{3F448C0B-7B8B-4686-A509-612359F226E9}"
EndProject
Project("{FAE04EC0-301F-11D3-BF4B-00C04F79EFBC}") = "Project_17", "..\Project_17\Project_17\Project_17.csproj", "{8A69C810-7F8C-4FF7-9D83-7757A2483725}"
EndProject
Global
	GlobalSection(SolutionConfigurationPlatforms) = preSolution
		Debug|Any CPU = Debug|Any CPU
		Debug|x64 = Debug|x64
		Debug|x86 = Debug|x86
		Release|Any CPU = Release|Any CPU
		Release|x64 = Release|x64
		Release|x86 = Release|x86
	EndGlobalSection
	GlobalSection(ProjectConfigurationPlatforms) = postSolution
		{904693E2-F3DA-46D4-BA46-8DAF2D02B075}.Debug|Any CPU.ActiveCfg = Debug|Any CPU
		{904693E2-F3DA-46D4-BA46-8DAF2D02B075}.Debug|Any CPU.Build.0 = Debug|Any CPU
		{904693E2-F3DA-46D4-BA46-8DAF2D02B075}.Debug|x64.ActiveCfg = Debug|Any CPU
		{904693E2-F3DA-46D4-BA46-8DAF2D02B075}.Debug|x64.Build.0 = Debug|Any CPU
		{904693E2-F3DA-46D4-BA46-8DAF2D02B075}.Debug|x86.ActiveCfg = Debug|Any CPU
		{904693E2-F3DA-46D4-BA46-8DAF2D02B075}.Debug|x86.Build.0 = Debug|Any CPU
		{904693E2-F3DA-46D4-BA46-8DAF2D02B075}.Release|Any CPU.ActiveCfg = Release|Any CPU
		{904693E2-F3DA-46D4-BA46-8DAF2D02B075}.Release|Any CPU.Build.0 = Release|Any CPU
		{904693E2-F3DA-46D4-BA46-8DAF2D02B075}.Release|x64.ActiveCfg = Release|Any CPU
		{904693E2-F3DA-46D4-BA46-8DAF2D02B075}.Release|x64.Build.0 = Release|Any CPU
		{904693E2-F3DA-46D4-BA46-8DAF2D02B075}.Release|x86.ActiveCfg = Release|Any CPU
		{904693E2-F3DA-46D4-BA46-8DAF2D02B075}.Release|x86.Build.0 = Release|Any CPU
		{B116CE44-40DF-48B1-B15A-922A91A8AB4B}.Debug|Any CPU.ActiveCfg = Debug|Any CPU
		{B116CE44-40DF-48B1-B15A-922A91A8AB4B}.Debug|Any CPU.Build.0 = Debug|Any CPU
		{B116CE44-40DF-48B1-B15A-922A91A8AB4B}.Debug|x64.ActiveCfg = Debug|Any CPU
		{B116CE44-40DF-48B1-B15A-922A91A8AB4B}.Debug|x64.Build.0 = Debug|Any CPU
		{B116CE44-40DF-48B1-B15A-922A91A8AB4B}.Debug|x86.ActiveCfg = Debug|Any CPU
		{B116CE44-40DF-48B1-B15A-922A91A8AB4B}.Debug|x86.Build.0 = Debug|Any CPU
		{B116CE44-40DF-48B1-B15A-922A91A8AB4B}.Release|Any CPU.ActiveCfg = Release|Any CPU
		{B116CE44-40DF-48B1-B15A-922A91A8AB4B}.Release|Any CPU.Build.0 = Release|Any CPU
		{B116CE44-40DF-48B1-B15A-922A91A8AB4B}.Release|x64.ActiveCfg = Release|Any CPU
		{B116CE44-40DF-48B1-B15A-922A91A8AB4B}.Release|x64.Build.0 = Release|Any CPU
		{B116CE44-40DF-48B1-B15A-922A91A8AB4B}.Release|x86.ActiveCfg = Release|Any CPU
		{B116CE44-40DF-48B1-B15A-922A91A8AB4B}.Release|x86.Build.0 = Release|Any CPU
		{0CF21DE9-4BC9-4B98-8F20-63DD9307D7F6}.Debug|Any CPU.ActiveCfg = Debug|Any CPU
		{0CF21DE9-4BC9-4B98-8F20-63DD9307D7F6}.Debug|Any CPU.Build.0 = Debug|Any CPU
		{0CF21DE9-4BC9-4B98-8F20-63DD9307D7F6}.Debug|x64.ActiveCfg = Debug|Any CPU
		{0CF21DE9-4BC9-4B98-8F20-63DD9307D7F6}.Debug|x64.Build.0 = Debug|Any CPU
		{0CF21DE9-4BC9-4B98-8F20-63DD9307D7F6}.Debug|x86.ActiveCfg = Debug|Any CPU
		{0CF21DE9-4BC9-4B98-8F20-63DD9307D7F6}.Debug|x86.Build.0 = Debug|Any CPU
		{0CF21DE9-4BC9-4B98-8F20-63DD9307D7F6}.Release|Any CPU.ActiveCfg = Release|Any CPU
		{0CF21DE9-4BC9-4B98-8F20-63DD9307D7F6}.Release|Any CPU.Build.0 = Release|Any CPU
		{0CF21DE9-4BC9-4B98-8F20-63DD9307D7F6}.Release|x64.ActiveCfg = Release|Any CPU
		{0CF21DE9-4BC9-4B98-8F20-63DD9307D7F6}.Release|x64.Build.0 = Release|Any CPU
		{0CF21DE9-4BC9-4B98-8F20-63DD9307D7F6}.Release|x86.ActiveCfg = Release|Any CPU
		{0CF21DE9-4BC9-4B98-8F20-63DD9307D7F6}.Release|x86.Build.0 = Release|Any CPU
		{FBECA915-9473-4FBF-95EE-594AF19C9ACA}.Debug|Any CPU.ActiveCfg = Debug|Any CPU
		{FBECA915-9473-4FBF-95EE-594AF19C9ACA}.Debug|Any CPU.Build.0 = Debug|Any CPU
		{FBECA915-9473-4FBF-95EE-594AF19C9ACA}.Debug|x64.ActiveCfg = Debug|Any CPU
		{FBECA915-9473-4FBF-95EE-594AF19C9ACA}.Debug|x64.Build.0 = Debug|Any CPU
		{FBECA915-9473-4FBF-95EE-594AF19C9ACA}.Debug|x86.ActiveCfg = Debug|Any CPU
		{FBECA915-9473-4FBF-95EE-594AF19C9ACA}.Debug|x86.Build.0 = Debug|Any CPU
		{FBECA915-9473-4FBF-95EE-594AF19C9ACA}.Release|Any CPU.ActiveCfg = Release|Any CPU
		{FBECA915-9473-4FBF-95EE-594AF19C9ACA}.Release|Any CPU.Build.0 = Release|Any CPU
		{FBECA915-9473-4FBF-95EE-594AF19C9ACA}.Release|x64.ActiveCfg = Release|Any CPU
		{FBECA915-9473-4FBF-95EE-594AF19C9ACA}.Release|x64.Build.0 = Release|Any CPU
		{FBECA915-9473-4FBF-95EE-594AF19C9ACA}.Release|x86.ActiveCfg = Release|Any CPU
		{FBECA915-9473-4FBF-95EE-594AF19C9ACA}.Release|x86.Build.0 = Release|Any CPU
		{1E0CE63B-4747-493E-995A-24780B788A17}.Debug|Any CPU.ActiveCfg = Debug|Any CPU
		{1E0CE63B-4747-493E-995A-24780B788A17}.Debug|Any CPU.Build.0 = Debug|Any CPU
		{1E0CE63B-4747-493E-995A-24780B788A17}.Debug|x64.ActiveCfg = Debug|Any CPU
		{1E0CE63B-4747-493E-995A-24780B788A17}.Debug|x64.Build.0 = Debug|Any CPU
		{1E0CE63B-4747-493E-995A-24780B788A17}.Debug|x86.ActiveCfg = Debug|Any CPU
		{1E0CE63B-4747-493E-995A-24780B788A17}.Debug|x86.Build.0 = Debug|Any CPU
		{1E0CE63B-4747-493E-995A-24780B788A17}.Release|Any CPU.ActiveCfg = Release|Any CPU
		{1E0CE63B-4747-493E-995A-24780B788A17}.Release|Any CPU.Build.0 = Release|Any CPU
		{1E0CE63B-4747-493E-995A-24780B788A17}.Release|x64.ActiveCfg = Release|Any CPU
		{1E0CE63B-4747-493E-995A-24780B788A17}.Release|x64.Build.0 = Release|Any CPU
		{1E0CE63B-4747-493E-995A-24780B788A17}.Release|x86.ActiveCfg = Release|Any CPU
		{1E0CE63B-4747-493E-995A-24780B788A17}.Release|x86.Build.0 = Release|Any CPU
		{76B41A04-8C75-418B-8BCD-A126F50A34F0}.Debug|Any CPU.ActiveCfg = Debug|Any CPU
		{76B41A04-8C75-418B-8BCD-A126F50A34F0}.Debug|Any CPU.Build.0 = Debug|Any CPU
		{76B41A04-8C75-418B-8BCD-A126F50A34F0}.Debug|x64.ActiveCfg = Debug|Any CPU
		{76B41A04-8C75-418B-8BCD-A126F50A34F0}.Debug|x64.Build.0 = Debug|Any CPU
		{76B41A04-8C75-418B-8BCD-A126F50A34F0}.Debug|x86.ActiveCfg = Debug|Any CPU
		{76B41A04-8C75-418B-8BCD-A126F50A34F0}.Debug|x86.Build.0 = Debug|Any CPU
		{76B41A04-8C75-418B-8BCD-A126F50A34F0}.Release|Any CPU.ActiveCfg = Release|Any CPU
		{76B41A04-8C75-418B-8BCD-A126F50A34F0}.Release|Any CPU.Build.0 = Release|Any CPU
		{76B41A04-8C75-418B-8BCD-A126F50A34F0}.Release|x64.ActiveCfg = Release|Any CPU
		{76B41A04-8C75-418B-8BCD-A126F50A34F0}.Release|x64.Build.0 = Release|Any CPU
		{76B41A04-8C75-418B-8BCD-A126F50A34F0}.Release|x86.ActiveCfg = Release|Any CPU
		{76B41A04-8C75-418B-8BCD-A126F50A34F0}.Release|x86.Build.0 = Release|Any CPU
		{839EF860-4684-4465-B376-E62E13308E6A}.Debug|Any CPU.ActiveCfg = Debug|Any CPU
		{839EF860-4684-4465-B376-E62E13308E6A}.Debug|Any CPU.Build.0 = Debug|Any CPU
		{839EF860-4684-4465-B376-E62E13308E6A}.Debug|x64.ActiveCfg = Debug|Any CPU
		{839EF860-4684-4465-B376-E62E13308E6A}.Debug|x64.Build.0 = Debug|Any CPU
		{839EF860-4684-4465-B376-E62E13308E6A}.Debug|x86.ActiveCfg = Debug|Any CPU
		{839EF860-4684-4465-B376-E62E13308E6A}.Debug|x86.Build.0 = Debug|Any CPU
		{839EF860-4684-4465-B376-E62E13308E6A}.Release|Any CPU.ActiveCfg = Release|Any CPU
		{839EF860-4684-4465-B376-E62E13308E6A}.Release|Any CPU.Build.0 = Release|Any CPU
		{839EF860-4684-4465-B376-E62E13308E6A}.Release|x64.ActiveCfg = Release|Any CPU
		{839EF860-4684-4465-B376-E62E13308E6A}.Release|x64.Build.0 = Release|Any CPU
		{839EF860-4684-4465-B376-E62E13308E6A}.Release|x86.ActiveCfg = Release|Any CPU
		{839EF860-4684-4465-B376-E62E13308E6A}.Release|x86.Build.0 = Release|Any CPU
		{A2B3677B-59F5-4A8A-B614-DEB03497E36A}.Debug|Any CPU.ActiveCfg = Debug|Any CPU
		{A2B3677B-59F5-4A8A-B614-DEB03497E36A}.Debug|Any CPU.Build.0 = Debug|Any CPU
		{A2B3677B-59F5-4A8A-B614-DEB03497E36A}.Debug|x64.ActiveCfg = Debug|Any CPU
		{A2B3677B-59F5-4A8A-B614-DEB03497E36A}.Debug|x64.Build.0 = Debug|Any CPU
		{A2B3677B-59F5-4A8A-B614-DEB03497E36A}.Debug|x86.ActiveCfg = Debug|Any CPU
		{A2B3677B-59F5-4A8A-B614-DEB03497E36A}.Debug|x86.Build.0 = Debug|Any CPU
		{A2B3677B-59F5-4A8A-B614-DEB03497E36A}.Release|Any CPU.ActiveCfg = Release|Any CPU
		{A2B3677B-59F5-4A8A-B614-DEB03497E36A}.Release|Any CPU.Build.0 = Release|Any CPU
		{A2B3677B-59F5-4A8A-B614-DEB03497E36A}.Release|x64.ActiveCfg = Release|Any CPU
		{A2B3677B-59F5-4A8A-B614-DEB03497E36A}.Release|x64.Build.0 = Release|Any CPU
		{A2B3677B-59F5-4A8A-B614-DEB03497E36A}.Release|x86.ActiveCfg = Release|Any CPU
		{A2B3677B-59F5-4A8A-B614-DEB03497E36A}.Release|x86.Build.0 = Release|Any CPU
		{6FE3BD95-F46A-4377-819C-5A34DD479085}.Debug|Any CPU.ActiveCfg = Debug|Any CPU
		{6FE3BD95-F46A-4377-819C-5A34DD479085}.Debug|Any CPU.Build.0 = Debug|Any CPU
		{6FE3BD95-F46A-4377-819C-5A34DD479085}.Debug|x64.ActiveCfg = Debug|Any CPU
		{6FE3BD95-F46A-4377-819C-5A34DD479085}.Debug|x64.Build.0 = Debug|Any CPU
		{6FE3BD95-F46A-4377-819C-5A34DD479085}.Debug|x86.ActiveCfg = Debug|Any CPU
		{6FE3BD95-F46A-4377-819C-5A34DD479085}.Debug|x86.Build.0 = Debug|Any CPU
		{6FE3BD95-F46A-4377-819C-5A34DD479085}.Release|Any CPU.ActiveCfg = Release|Any CPU
		{6FE3BD95-F46A-4377-819C-5A34DD479085}.Release|Any CPU.Build.0 = Release|Any CPU
		{6FE3BD95-F46A-4377-819C-5A34DD479085}.Release|x64.ActiveCfg = Release|Any CPU
		{6FE3BD95-F46A-4377-819C-5A34DD479085}.Release|x64.Build.0 = Release|Any CPU
		{6FE3BD95-F46A-4377-819C-5A34DD479085}.Release|x86.ActiveCfg = Release|Any CPU
		{6FE3BD95-F46A-4377-819C-5A34DD479085}.Release|x86.Build.0 = Release|Any CPU
		{946C6958-F89E-4161-965C-EF9F9BDDD0B8}.Debug|Any CPU.ActiveCfg = Debug|Any CPU
		{946C6958-F89E-4161-965C-EF9F9BDDD0B8}.Debug|Any CPU.Build.0 = Debug|Any CPU
		{946C6958-F89E-4161-965C-EF9F9BDDD0B8}.Debug|x64.ActiveCfg = Debug|Any CPU
		{946C6958-F89E-4161-965C-EF9F9BDDD0B8}.Debug|x64.Build.0 = Debug|Any CPU
		{946C6958-F89E-4161-965C-EF9F9BDDD0B8}.Debug|x86.ActiveCfg = Debug|Any CPU
		{946C6958-F89E-4161-965C-EF9F9BDDD0B8}.Debug|x86.Build.0 = Debug|Any CPU
		{946C6958-F89E-4161-965C-EF9F9BDDD0B8}.Release|Any CPU.ActiveCfg = Release|Any CPU
		{946C6958-F89E-4161-965C-EF9F9BDDD0B8}.Release|Any CPU.Build.0 = Release|Any CPU
		{946C6958-F89E-4161-965C-EF9F9BDDD0B8}.Release|x64.ActiveCfg = Release|Any CPU
		{946C6958-F89E-4161-965C-EF9F9BDDD0B8}.Release|x64.Build.0 = Release|Any CPU
		{946C6958-F89E-4161-965C-EF9F9BDDD0B8}.Release|x86.ActiveCfg = Release|Any CPU
		{946C6958-F89E-4161-965C-EF9F9BDDD0B8}.Release|x86.Build.0 = Release|Any CPU
		{B94D4710-0011-4FA8-8C71-EBAA44904A57}.Debug|Any CPU.ActiveCfg = Debug|Any CPU
		{B94D4710-0011-4FA8-8C71-EBAA44904A57}.Debug|Any CPU.Build.0 = Debug|Any CPU
		{B94D4710-0011-4FA8-8C71-EBAA44904A57}.Debug|x64.ActiveCfg = Debug|Any CPU
		{B94D4710-0011-4FA8-8C71-EBAA44904A57}.Debug|x64.Build.0 = Debug|Any CPU
		{B94D4710-0011-4FA8-8C71-EBAA44904A57}.Debug|x86.ActiveCfg = Debug|Any CPU
		{B94D4710-0011-4FA8-8C71-EBAA44904A57}.Debug|x86.Build.0 = Debug|Any CPU
		{B94D4710-0011-4FA8-8C71-EBAA44904A57}.Release|Any CPU.ActiveCfg = Release|Any CPU
		{B94D4710-0011-4FA8-8C71-EBAA44904A57}.Release|Any CPU.Build.0 = Release|Any CPU
		{B94D4710-0011-4FA8-8C71-EBAA44904A57}.Release|x64.ActiveCfg = Release|Any CPU
		{B94D4710-0011-4FA8-8C71-EBAA44904A57}.Release|x64.Build.0 = Release|Any CPU
		{B94D4710-0011-4FA8-8C71-EBAA44904A57}.Release|x86.ActiveCfg = Release|Any CPU
		{B94D4710-0011-4FA8-8C71-EBAA44904A57}.Release|x86.Build.0 = Release|Any CPU
		{EAC05EF2-1EE7-4571-AB3B-D092D395A368}.Debug|Any CPU.ActiveCfg = Debug|Any CPU
		{EAC05EF2-1EE7-4571-AB3B-D092D395A368}.Debug|Any CPU.Build.0 = Debug|Any CPU
		{EAC05EF2-1EE7-4571-AB3B-D092D395A368}.Debug|x64.ActiveCfg = Debug|Any CPU
		{EAC05EF2-1EE7-4571-AB3B-D092D395A368}.Debug|x64.Build.0 = Debug|Any CPU
		{EAC05EF2-1EE7-4571-AB3B-D092D395A368}.Debug|x86.ActiveCfg = Debug|Any CPU
		{EAC05EF2-1EE7-4571-AB3B-D092D395A368}.Debug|x86.Build.0 = Debug|Any CPU
		{EAC05EF2-1EE7-4571-AB3B-D092D395A368}.Release|Any CPU.ActiveCfg = Release|Any CPU
		{EAC05EF2-1EE7-4571-AB3B-D092D395A368}.Release|Any CPU.Build.0 = Release|Any CPU
		{EAC05EF2-1EE7-4571-AB3B-D092D395A368}.Release|x64.ActiveCfg = Release|Any CPU
		{EAC05EF2-1EE7-4571-AB3B-D092D395A368}.Release|x64.Build.0 = Release|Any CPU
		{EAC05EF2-1EE7-4571-AB3B-D092D395A368}.Release|x86.ActiveCfg = Release|Any CPU
		{EAC05EF2-1EE7-4571-AB3B-D092D395A368}.Release|x86.Build.0 = Release|Any CPU
		{AD4C7ACA-FDA9-421C-8582-E7EFD38F80DA}.Debug|Any CPU.ActiveCfg = Debug|Any CPU
		{AD4C7ACA-FDA9-421C-8582-E7EFD38F80DA}.Debug|Any CPU.Build.0 = Debug|Any CPU
		{AD4C7ACA-FDA9-421C-8582-E7EFD38F80DA}.Debug|x64.ActiveCfg = Debug|Any CPU
		{AD4C7ACA-FDA9-421C-8582-E7EFD38F80DA}.Debug|x64.Build.0 = Debug|Any CPU
		{AD4C7ACA-FDA9-421C-8582-E7EFD38F80DA}.Debug|x86.ActiveCfg = Debug|Any CPU
		{AD4C7ACA-FDA9-421C-8582-E7EFD38F80DA}.Debug|x86.Build.0 = Debug|Any CPU
		{AD4C7ACA-FDA9-421C-8582-E7EFD38F80DA}.Release|Any CPU.ActiveCfg = Release|Any CPU
		{AD4C7ACA-FDA9-421C-8582-E7EFD38F80DA}.Release|Any CPU.Build.0 = Release|Any CPU
		{AD4C7ACA-FDA9-421C-8582-E7EFD38F80DA}.Release|x64.ActiveCfg = Release|Any CPU
		{AD4C7ACA-FDA9-421C-8582-E7EFD38F80DA}.Release|x64.Build.0 = Release|Any CPU
		{AD4C7ACA-FDA9-421C-8582-E7EFD38F80DA}.Release|x86.ActiveCfg = Release|Any CPU
		{AD4C7ACA-FDA9-421C-8582-E7EFD38F80DA}.Release|x86.Build.0 = Release|Any CPU
		{357694A4-AD39-495C-9676-BD53496B74ED}.Debug|Any CPU.ActiveCfg = Debug|Any CPU
		{357694A4-AD39-495C-9676-BD53496B74ED}.Debug|Any CPU.Build.0 = Debug|Any CPU
		{357694A4-AD39-495C-9676-BD53496B74ED}.Debug|x64.ActiveCfg = Debug|Any CPU
		{357694A4-AD39-495C-9676-BD53496B74ED}.Debug|x64.Build.0 = Debug|Any CPU
		{357694A4-AD39-495C-9676-BD53496B74ED}.Debug|x86.ActiveCfg = Debug|Any CPU
		{357694A4-AD39-495C-9676-BD53496B74ED}.Debug|x86.Build.0 = Debug|Any CPU
		{357694A4-AD39-495C-9676-BD53496B74ED}.Release|Any CPU.ActiveCfg = Release|Any CPU
		{357694A4-AD39-495C-9676-BD53496B74ED}.Release|Any CPU.Build.0 = Release|Any CPU
		{357694A4-AD39-495C-9676-BD53496B74ED}.Release|x64.ActiveCfg = Release|Any CPU
		{357694A4-AD39-495C-9676-BD53496B74ED}.Release|x64.Build.0 = Release|Any CPU
		{357694A4-AD39-495C-9676-BD53496B74ED}.Release|x86.ActiveCfg = Release|Any CPU
		{357694A4-AD39-495C-9676-BD53496B74ED}.Release|x86.Build.0 = Release|Any CPU
		{0785AD66-0D00-4598-B319-B34FAEAB8228}.Debug|Any CPU.ActiveCfg = Debug|Any CPU
		{0785AD66-0D00-4598-B319-B34FAEAB8228}.Debug|Any CPU.Build.0 = Debug|Any CPU
		{0785AD66-0D00-4598-B319-B34FAEAB8228}.Debug|x64.ActiveCfg = Debug|Any CPU
		{0785AD66-0D00-4598-B319-B34FAEAB8228}.Debug|x64.Build.0 = Debug|Any CPU
		{0785AD66-0D00-4598-B319-B34FAEAB8228}.Debug|x86.ActiveCfg = Debug|Any CPU
		{0785AD66-0D00-4598-B319-B34FAEAB8228}.Debug|x86.Build.0 = Debug|Any CPU
		{0785AD66-0D00-4598-B319-B34FAEAB8228}.Release|Any CPU.ActiveCfg = Release|Any CPU
		{0785AD66-0D00-4598-B319-B34FAEAB8228}.Release|Any CPU.Build.0 = Release|Any CPU
		{0785AD66-0D00-4598-B319-B34FAEAB8228}.Release|x64.ActiveCfg = Release|Any CPU
		{0785AD66-0D00-4598-B319-B34FAEAB8228}.Release|x64.Build.0 = Release|Any CPU
		{0785AD66-0D00-4598-B319-B34FAEAB8228}.Release|x86.ActiveCfg = Release|Any CPU
		{0785AD66-0D00-4598-B319-B34FAEAB8228}.Release|x86.Build.0 = Release|Any CPU
		{3A8599D2-98DF-4B0B-9121-13F3584958B7}.Debug|Any CPU.ActiveCfg = Debug|Any CPU
		{3A8599D2-98DF-4B0B-9121-13F3584958B7}.Debug|Any CPU.Build.0 = Debug|Any CPU
		{3A8599D2-98DF-4B0B-9121-13F3584958B7}.Debug|x64.ActiveCfg = Debug|Any CPU
		{3A8599D2-98DF-4B0B-9121-13F3584958B7}.Debug|x64.Build.0 = Debug|Any CPU
		{3A8599D2-98DF-4B0B-9121-13F3584958B7}.Debug|x86.ActiveCfg = Debug|Any CPU
		{3A8599D2-98DF-4B0B-9121-13F3584958B7}.Debug|x86.Build.0 = Debug|Any CPU
		{3A8599D2-98DF-4B0B-9121-13F3584958B7}.Release|Any CPU.ActiveCfg = Release|Any CPU
		{3A8599D2-98DF-4B0B-9121-13F3584958B7}.Release|Any CPU.Build.0 = Release|Any CPU
		{3A8599D2-98DF-4B0B-9121-13F3584958B7}.Release|x64.ActiveCfg = Release|Any CPU
		{3A8599D2-98DF-4B0B-9121-13F3584958B7}.Release|x64.Build.0 = Release|Any CPU
		{3A8599D2-98DF-4B0B-9121-13F3584958B7}.Release|x86.ActiveCfg = Release|Any CPU
		{3A8599D2-98DF-4B0B-9121-13F3584958B7}.Release|x86.Build.0 = Release|Any CPU
		{3F448C0B-7B8B-4686-A509-612359F226E9}.Debug|Any CPU.ActiveCfg = Debug|Any CPU
		{3F448C0B-7B8B-4686-A509-612359F226E9}.Debug|Any CPU.Build.0 = Debug|Any CPU
		{3F448C0B-7B8B-4686-A509-612359F226E9}.Debug|x64.ActiveCfg = Debug|x64
		{3F448C0B-7B8B-4686-A509-612359F226E9}.Debug|x64.Build.0 = Debug|x64
		{3F448C0B-7B8B-4686-A509-612359F226E9}.Debug|x86.ActiveCfg = Debug|Any CPU
		{3F448C0B-7B8B-4686-A509-612359F226E9}.Debug|x86.Build.0 = Debug|Any CPU
		{3F448C0B-7B8B-4686-A509-612359F226E9}.Release|Any CPU.ActiveCfg = Release|Any CPU
		{3F448C0B-7B8B-4686-A509-612359F226E9}.Release|Any CPU.Build.0 = Release|Any CPU
		{3F448C0B-7B8B-4686-A509-612359F226E9}.Release|x64.ActiveCfg = Release|x64
		{3F448C0B-7B8B-4686-A509-612359F226E9}.Release|x64.Build.0 = Release|x64
		{3F448C0B-7B8B-4686-A509-612359F226E9}.Release|x86.ActiveCfg = Release|Any CPU
		{3F448C0B-7B8B-4686-A509-612359F226E9}.Release|x86.Build.0 = Release|Any CPU
		{8A69C810-7F8C-4FF7-9D83-7757A2483725}.Debug|Any CPU.ActiveCfg = Debug|Any CPU
		{8A69C810-7F8C-4FF7-9D83-7757A2483725}.Debug|Any CPU.Build.0 = Debug|Any CPU
		{8A69C810-7F8C-4FF7-9D83-7757A2483725}.Debug|x64.ActiveCfg = Debug|x64
		{8A69C810-7F8C-4FF7-9D83-7757A2483725}.Debug|x64.Build.0 = Debug|x64
		{8A69C810-7F8C-4FF7-9D83-7757A2483725}.Debug|x86.ActiveCfg = Debug|x86
		{8A69C810-7F8C-4FF7-9D83-7757A2483725}.Debug|x86.Build.0 = Debug|x86
		{8A69C810-7F8C-4FF7-9D83-7757A2483725}.Release|Any CPU.ActiveCfg = Release|Any CPU
		{8A69C810-7F8C-4FF7-9D83-7757A2483725}.Release|Any CPU.Build.0 = Release|Any CPU
		{8A69C810-7F8C-4FF7-9D83-7757A2483725}.Release|x64.ActiveCfg = Release|x64
		{8A69C810-7F8C-4FF7-9D83-7757A2483725}.Release|x64.Build.0 = Release|x64
		{8A69C810-7F8C-4FF7-9D83-7757A2483725}.Release|x86.ActiveCfg = Release|x86
		{8A69C810-7F8C-4FF7-9D83-7757A2483725}.Release|x86.Build.0 = Release|x86
	EndGlobalSection
	GlobalSection(SolutionProperties) = preSolution
		HideSolutionNode = FALSE
	EndGlobalSection
	GlobalSection(ExtensibilityGlobals) = postSolution
		SolutionGuid = {DE565441-FC54-4375-B413-892BC359F8A2}
	EndGlobalSection
EndGlobal
